
Microsoft Visual Studio Solution File, Format Version 12.00
# Visual Studio Version 17
Project("{2150E333-8FDC-42A3-9474-1A3956D46DE8}") = "CMakePredefinedTargets", "CMakePredefinedTargets", "{459D6B57-E493-32AD-91DD-27BA1F6CF369}"
EndProject
Project("{2150E333-8FDC-42A3-9474-1A3956D46DE8}") = "GLFW3", "GLFW3", "{4988D1E0-862E-33B5-96B4-0C9F7BB72D22}"
EndProject
Project("{2150E333-8FDC-42A3-9474-1A3956D46DE8}") = "Examples", "GLFW3\Examples", "{19C26EEF-5C7C-32B2-8121-372DB500941C}"
EndProject
Project("{2150E333-8FDC-42A3-9474-1A3956D46DE8}") = "Tests", "GLFW3\Tests", "{E537C16A-BBC2-3BE6-8897-D219478EACF2}"
EndProject
Project("{8BC9CEB8-8B4A-11D0-8D11-00A0C91BC942}") = "ALL_BUILD", "ALL_BUILD.vcxproj", "{CFE04EC9-2F82-3A29-819A-1AE6FBBDF5E9}"
	ProjectSection(ProjectDependencies) = postProject
		{C82CD15E-5145-383E-97E1-23E3866C4DF6} = {C82CD15E-5145-383E-97E1-23E3866C4DF6}
		{385D720B-0C48-3C11-A320-D658B09AA7C0} = {385D720B-0C48-3C11-A320-D658B09AA7C0}
		{681A1AEC-45B9-37D9-B74E-FF33958580A1} = {681A1AEC-45B9-37D9-B74E-FF33958580A1}
		{2F4E4A45-E503-3698-A771-758DDB6F1EBA} = {2F4E4A45-E503-3698-A771-758DDB6F1EBA}
		{3BE5ED38-3E4C-3070-A7EA-C26D30278FEC} = {3BE5ED38-3E4C-3070-A7EA-C26D30278FEC}
		{6E8F9722-ACA4-3C37-B21A-523B1C88A3E1} = {6E8F9722-ACA4-3C37-B21A-523B1C88A3E1}
		{6692C709-330F-3DB5-84C3-D14046CA218A} = {6692C709-330F-3DB5-84C3-D14046CA218A}
		{F96979D4-5B2D-3C30-8A18-EA3EC3FF2BE2} = {F96979D4-5B2D-3C30-8A18-EA3EC3FF2BE2}
		{294680F4-C51C-3859-8CE0-FBE5023463A8} = {294680F4-C51C-3859-8CE0-FBE5023463A8}
		{7E82BF96-A511-329C-8411-E241309925DD} = {7E82BF96-A511-329C-8411-E241309925DD}
		{6A90E83B-1F44-357D-AEEF-F90125E6F157} = {6A90E83B-1F44-357D-AEEF-F90125E6F157}
		{49CD520B-4A89-3F31-A509-597F83B5AC10} = {49CD520B-4A89-3F31-A509-597F83B5AC10}
		{011EDA9B-3B73-37FA-9FA1-1CBAA6040FA2} = {011EDA9B-3B73-37FA-9FA1-1CBAA6040FA2}
		{E9CB7AE4-E68C-3E4E-B387-54BE4384040B} = {E9CB7AE4-E68C-3E4E-B387-54BE4384040B}
		{4D312C33-5EA8-3FF4-AAD9-3FDC83BF08E7} = {4D312C33-5EA8-3FF4-AAD9-3FDC83BF08E7}
		{23F2F856-B6FD-37ED-913F-FB0E9ABB4EA3} = {23F2F856-B6FD-37ED-913F-FB0E9ABB4EA3}
		{A8A1D157-7EF1-3E42-A5D7-C1932D174677} = {A8A1D157-7EF1-3E42-A5D7-C1932D174677}
		{8C619D9B-5F58-3164-A294-727E48448DF9} = {8C619D9B-5F58-3164-A294-727E48448DF9}
		{77EBB3AF-7BB7-3672-9206-3799EB333EFF} = {77EBB3AF-7BB7-3672-9206-3799EB333EFF}
		{F3757F6A-F319-34B8-A37A-4D6340106125} = {F3757F6A-F319-34B8-A37A-4D6340106125}
		{1628A7B6-FFA9-37A8-82EE-2268A0FDFCA9} = {1628A7B6-FFA9-37A8-82EE-2268A0FDFCA9}
		{109BC9A0-54FA-3D87-A1D4-718EEB24E4E4} = {109BC9A0-54FA-3D87-A1D4-718EEB24E4E4}
		{CE43D1FB-4FA4-3921-A579-C2B251BBC8E1} = {CE43D1FB-4FA4-3921-A579-C2B251BBC8E1}
		{AA966EC1-CC1F-31FD-9EA6-BE02439F5C6E} = {AA966EC1-CC1F-31FD-9EA6-BE02439F5C6E}
		{14C8E702-C422-3D6E-B7D0-7ED2C398A467} = {14C8E702-C422-3D6E-B7D0-7ED2C398A467}
		{CA7340AF-11EA-3654-AB3F-5184ED65A662} = {CA7340AF-11EA-3654-AB3F-5184ED65A662}
		{5B1D4B3C-E8D0-3E29-A8AE-761518D49D7B} = {5B1D4B3C-E8D0-3E29-A8AE-761518D49D7B}
		{9797E832-7672-3BB3-87F7-EA2D4090A0AD} = {9797E832-7672-3BB3-87F7-EA2D4090A0AD}
		{EC60C56D-26C7-3C87-A992-A529B1229B23} = {EC60C56D-26C7-3C87-A992-A529B1229B23}
		{A0647CFB-2FC4-33EC-834E-DF7CC94E511F} = {A0647CFB-2FC4-33EC-834E-DF7CC94E511F}
		{6C21F56C-1E77-3A5C-A0D9-36AD6A66F6CB} = {6C21F56C-1E77-3A5C-A0D9-36AD6A66F6CB}
		{5477DB4B-D659-3962-8A35-AB1D1FBD0ECC} = {5477DB4B-D659-3962-8A35-AB1D1FBD0ECC}
		{164C6C24-CA82-3F90-A23B-71F3578DE6D9} = {164C6C24-CA82-3F90-A23B-71F3578DE6D9}
	EndProjectSection
EndProject
Project("{8BC9CEB8-8B4A-11D0-8D11-00A0C91BC942}") = "INSTALL", "INSTALL.vcxproj", "{C08CED48-B9F7-3D56-8DAA-67054E9C1594}"
	ProjectSection(ProjectDependencies) = postProject
		{CFE04EC9-2F82-3A29-819A-1AE6FBBDF5E9} = {CFE04EC9-2F82-3A29-819A-1AE6FBBDF5E9}
		{C82CD15E-5145-383E-97E1-23E3866C4DF6} = {C82CD15E-5145-383E-97E1-23E3866C4DF6}
	EndProjectSection
EndProject
Project("{8BC9CEB8-8B4A-11D0-8D11-00A0C91BC942}") = "ZERO_CHECK", "ZERO_CHECK.vcxproj", "{C82CD15E-5145-383E-97E1-23E3866C4DF6}"
	ProjectSection(ProjectDependencies) = postProject
	EndProjectSection
EndProject
Project("{8BC9CEB8-8B4A-11D0-8D11-00A0C91BC942}") = "allocator", "tests\allocator.vcxproj", "{385D720B-0C48-3C11-A320-D658B09AA7C0}"
	ProjectSection(ProjectDependencies) = postProject
		{C82CD15E-5145-383E-97E1-23E3866C4DF6} = {C82CD15E-5145-383E-97E1-23E3866C4DF6}
		{7E82BF96-A511-329C-8411-E241309925DD} = {7E82BF96-A511-329C-8411-E241309925DD}
	EndProjectSection
EndProject
Project("{8BC9CEB8-8B4A-11D0-8D11-00A0C91BC942}") = "boing", "examples\boing.vcxproj", "{681A1AEC-45B9-37D9-B74E-FF33958580A1}"
	ProjectSection(ProjectDependencies) = postProject
		{C82CD15E-5145-383E-97E1-23E3866C4DF6} = {C82CD15E-5145-383E-97E1-23E3866C4DF6}
		{7E82BF96-A511-329C-8411-E241309925DD} = {7E82BF96-A511-329C-8411-E241309925DD}
	EndProjectSection
EndProject
Project("{8BC9CEB8-8B4A-11D0-8D11-00A0C91BC942}") = "clipboard", "tests\clipboard.vcxproj", "{2F4E4A45-E503-3698-A771-758DDB6F1EBA}"
	ProjectSection(ProjectDependencies) = postProject
		{C82CD15E-5145-383E-97E1-23E3866C4DF6} = {C82CD15E-5145-383E-97E1-23E3866C4DF6}
		{7E82BF96-A511-329C-8411-E241309925DD} = {7E82BF96-A511-329C-8411-E241309925DD}
	EndProjectSection
EndProject
Project("{8BC9CEB8-8B4A-11D0-8D11-00A0C91BC942}") = "cursor", "tests\cursor.vcxproj", "{3BE5ED38-3E4C-3070-A7EA-C26D30278FEC}"
	ProjectSection(ProjectDependencies) = postProject
		{C82CD15E-5145-383E-97E1-23E3866C4DF6} = {C82CD15E-5145-383E-97E1-23E3866C4DF6}
		{7E82BF96-A511-329C-8411-E241309925DD} = {7E82BF96-A511-329C-8411-E241309925DD}
	EndProjectSection
EndProject
Project("{8BC9CEB8-8B4A-11D0-8D11-00A0C91BC942}") = "empty", "tests\empty.vcxproj", "{6E8F9722-ACA4-3C37-B21A-523B1C88A3E1}"
	ProjectSection(ProjectDependencies) = postProject
		{C82CD15E-5145-383E-97E1-23E3866C4DF6} = {C82CD15E-5145-383E-97E1-23E3866C4DF6}
		{7E82BF96-A511-329C-8411-E241309925DD} = {7E82BF96-A511-329C-8411-E241309925DD}
	EndProjectSection
EndProject
Project("{8BC9CEB8-8B4A-11D0-8D11-00A0C91BC942}") = "events", "tests\events.vcxproj", "{6692C709-330F-3DB5-84C3-D14046CA218A}"
	ProjectSection(ProjectDependencies) = postProject
		{C82CD15E-5145-383E-97E1-23E3866C4DF6} = {C82CD15E-5145-383E-97E1-23E3866C4DF6}
		{7E82BF96-A511-329C-8411-E241309925DD} = {7E82BF96-A511-329C-8411-E241309925DD}
	EndProjectSection
EndProject
Project("{8BC9CEB8-8B4A-11D0-8D11-00A0C91BC942}") = "gamma", "tests\gamma.vcxproj", "{F96979D4-5B2D-3C30-8A18-EA3EC3FF2BE2}"
	ProjectSection(ProjectDependencies) = postProject
		{C82CD15E-5145-383E-97E1-23E3866C4DF6} = {C82CD15E-5145-383E-97E1-23E3866C4DF6}
		{7E82BF96-A511-329C-8411-E241309925DD} = {7E82BF96-A511-329C-8411-E241309925DD}
	EndProjectSection
EndProject
Project("{8BC9CEB8-8B4A-11D0-8D11-00A0C91BC942}") = "gears", "examples\gears.vcxproj", "{294680F4-C51C-3859-8CE0-FBE5023463A8}"
	ProjectSection(ProjectDependencies) = postProject
		{C82CD15E-5145-383E-97E1-23E3866C4DF6} = {C82CD15E-5145-383E-97E1-23E3866C4DF6}
		{7E82BF96-A511-329C-8411-E241309925DD} = {7E82BF96-A511-329C-8411-E241309925DD}
	EndProjectSection
EndProject
Project("{8BC9CEB8-8B4A-11D0-8D11-00A0C91BC942}") = "glfw", "src\glfw.vcxproj", "{7E82BF96-A511-329C-8411-E241309925DD}"
	ProjectSection(ProjectDependencies) = postProject
		{C82CD15E-5145-383E-97E1-23E3866C4DF6} = {C82CD15E-5145-383E-97E1-23E3866C4DF6}
	EndProjectSection
EndProject
Project("{8BC9CEB8-8B4A-11D0-8D11-00A0C91BC942}") = "glfwinfo", "tests\glfwinfo.vcxproj", "{6A90E83B-1F44-357D-AEEF-F90125E6F157}"
	ProjectSection(ProjectDependencies) = postProject
		{C82CD15E-5145-383E-97E1-23E3866C4DF6} = {C82CD15E-5145-383E-97E1-23E3866C4DF6}
		{7E82BF96-A511-329C-8411-E241309925DD} = {7E82BF96-A511-329C-8411-E241309925DD}
	EndProjectSection
EndProject
Project("{8BC9CEB8-8B4A-11D0-8D11-00A0C91BC942}") = "heightmap", "examples\heightmap.vcxproj", "{49CD520B-4A89-3F31-A509-597F83B5AC10}"
	ProjectSection(ProjectDependencies) = postProject
		{C82CD15E-5145-383E-97E1-23E3866C4DF6} = {C82CD15E-5145-383E-97E1-23E3866C4DF6}
		{7E82BF96-A511-329C-8411-E241309925DD} = {7E82BF96-A511-329C-8411-E241309925DD}
	EndProjectSection
EndProject
Project("{8BC9CEB8-8B4A-11D0-8D11-00A0C91BC942}") = "icon", "tests\icon.vcxproj", "{011EDA9B-3B73-37FA-9FA1-1CBAA6040FA2}"
	ProjectSection(ProjectDependencies) = postProject
		{C82CD15E-5145-383E-97E1-23E3866C4DF6} = {C82CD15E-5145-383E-97E1-23E3866C4DF6}
		{7E82BF96-A511-329C-8411-E241309925DD} = {7E82BF96-A511-329C-8411-E241309925DD}
	EndProjectSection
EndProject
Project("{8BC9CEB8-8B4A-11D0-8D11-00A0C91BC942}") = "iconify", "tests\iconify.vcxproj", "{E9CB7AE4-E68C-3E4E-B387-54BE4384040B}"
	ProjectSection(ProjectDependencies) = postProject
		{C82CD15E-5145-383E-97E1-23E3866C4DF6} = {C82CD15E-5145-383E-97E1-23E3866C4DF6}
		{7E82BF96-A511-329C-8411-E241309925DD} = {7E82BF96-A511-329C-8411-E241309925DD}
	EndProjectSection
EndProject
Project("{8BC9CEB8-8B4A-11D0-8D11-00A0C91BC942}") = "inputlag", "tests\inputlag.vcxproj", "{4D312C33-5EA8-3FF4-AAD9-3FDC83BF08E7}"
	ProjectSection(ProjectDependencies) = postProject
		{C82CD15E-5145-383E-97E1-23E3866C4DF6} = {C82CD15E-5145-383E-97E1-23E3866C4DF6}
		{7E82BF96-A511-329C-8411-E241309925DD} = {7E82BF96-A511-329C-8411-E241309925DD}
	EndProjectSection
EndProject
Project("{8BC9CEB8-8B4A-11D0-8D11-00A0C91BC942}") = "joysticks", "tests\joysticks.vcxproj", "{23F2F856-B6FD-37ED-913F-FB0E9ABB4EA3}"
	ProjectSection(ProjectDependencies) = postProject
		{C82CD15E-5145-383E-97E1-23E3866C4DF6} = {C82CD15E-5145-383E-97E1-23E3866C4DF6}
		{7E82BF96-A511-329C-8411-E241309925DD} = {7E82BF96-A511-329C-8411-E241309925DD}
	EndProjectSection
EndProject
Project("{8BC9CEB8-8B4A-11D0-8D11-00A0C91BC942}") = "monitors", "tests\monitors.vcxproj", "{A8A1D157-7EF1-3E42-A5D7-C1932D174677}"
	ProjectSection(ProjectDependencies) = postProject
		{C82CD15E-5145-383E-97E1-23E3866C4DF6} = {C82CD15E-5145-383E-97E1-23E3866C4DF6}
		{7E82BF96-A511-329C-8411-E241309925DD} = {7E82BF96-A511-329C-8411-E241309925DD}
	EndProjectSection
EndProject
Project("{8BC9CEB8-8B4A-11D0-8D11-00A0C91BC942}") = "msaa", "tests\msaa.vcxproj", "{8C619D9B-5F58-3164-A294-727E48448DF9}"
	ProjectSection(ProjectDependencies) = postProject
		{C82CD15E-5145-383E-97E1-23E3866C4DF6} = {C82CD15E-5145-383E-97E1-23E3866C4DF6}
		{7E82BF96-A511-329C-8411-E241309925DD} = {7E82BF96-A511-329C-8411-E241309925DD}
	EndProjectSection
EndProject
Project("{8BC9CEB8-8B4A-11D0-8D11-00A0C91BC942}") = "offscreen", "examples\offscreen.vcxproj", "{77EBB3AF-7BB7-3672-9206-3799EB333EFF}"
	ProjectSection(ProjectDependencies) = postProject
		{C82CD15E-5145-383E-97E1-23E3866C4DF6} = {C82CD15E-5145-383E-97E1-23E3866C4DF6}
		{7E82BF96-A511-329C-8411-E241309925DD} = {7E82BF96-A511-329C-8411-E241309925DD}
	EndProjectSection
EndProject
Project("{8BC9CEB8-8B4A-11D0-8D11-00A0C91BC942}") = "particles", "examples\particles.vcxproj", "{F3757F6A-F319-34B8-A37A-4D6340106125}"
	ProjectSection(ProjectDependencies) = postProject
		{C82CD15E-5145-383E-97E1-23E3866C4DF6} = {C82CD15E-5145-383E-97E1-23E3866C4DF6}
		{7E82BF96-A511-329C-8411-E241309925DD} = {7E82BF96-A511-329C-8411-E241309925DD}
	EndProjectSection
EndProject
Project("{8BC9CEB8-8B4A-11D0-8D11-00A0C91BC942}") = "reopen", "tests\reopen.vcxproj", "{1628A7B6-FFA9-37A8-82EE-2268A0FDFCA9}"
	ProjectSection(ProjectDependencies) = postProject
		{C82CD15E-5145-383E-97E1-23E3866C4DF6} = {C82CD15E-5145-383E-97E1-23E3866C4DF6}
		{7E82BF96-A511-329C-8411-E241309925DD} = {7E82BF96-A511-329C-8411-E241309925DD}
	EndProjectSection
EndProject
Project("{8BC9CEB8-8B4A-11D0-8D11-00A0C91BC942}") = "sharing", "examples\sharing.vcxproj", "{109BC9A0-54FA-3D87-A1D4-718EEB24E4E4}"
	ProjectSection(ProjectDependencies) = postProject
		{C82CD15E-5145-383E-97E1-23E3866C4DF6} = {C82CD15E-5145-383E-97E1-23E3866C4DF6}
		{7E82BF96-A511-329C-8411-E241309925DD} = {7E82BF96-A511-329C-8411-E241309925DD}
	EndProjectSection
EndProject
Project("{8BC9CEB8-8B4A-11D0-8D11-00A0C91BC942}") = "splitview", "examples\splitview.vcxproj", "{CE43D1FB-4FA4-3921-A579-C2B251BBC8E1}"
	ProjectSection(ProjectDependencies) = postProject
		{C82CD15E-5145-383E-97E1-23E3866C4DF6} = {C82CD15E-5145-383E-97E1-23E3866C4DF6}
		{7E82BF96-A511-329C-8411-E241309925DD} = {7E82BF96-A511-329C-8411-E241309925DD}
	EndProjectSection
EndProject
Project("{8BC9CEB8-8B4A-11D0-8D11-00A0C91BC942}") = "tearing", "tests\tearing.vcxproj", "{AA966EC1-CC1F-31FD-9EA6-BE02439F5C6E}"
	ProjectSection(ProjectDependencies) = postProject
		{C82CD15E-5145-383E-97E1-23E3866C4DF6} = {C82CD15E-5145-383E-97E1-23E3866C4DF6}
		{7E82BF96-A511-329C-8411-E241309925DD} = {7E82BF96-A511-329C-8411-E241309925DD}
	EndProjectSection
EndProject
Project("{8BC9CEB8-8B4A-11D0-8D11-00A0C91BC942}") = "threads", "tests\threads.vcxproj", "{14C8E702-C422-3D6E-B7D0-7ED2C398A467}"
	ProjectSection(ProjectDependencies) = postProject
		{C82CD15E-5145-383E-97E1-23E3866C4DF6} = {C82CD15E-5145-383E-97E1-23E3866C4DF6}
		{7E82BF96-A511-329C-8411-E241309925DD} = {7E82BF96-A511-329C-8411-E241309925DD}
	EndProjectSection
EndProject
Project("{8BC9CEB8-8B4A-11D0-8D11-00A0C91BC942}") = "timeout", "tests\timeout.vcxproj", "{CA7340AF-11EA-3654-AB3F-5184ED65A662}"
	ProjectSection(ProjectDependencies) = postProject
		{C82CD15E-5145-383E-97E1-23E3866C4DF6} = {C82CD15E-5145-383E-97E1-23E3866C4DF6}
		{7E82BF96-A511-329C-8411-E241309925DD} = {7E82BF96-A511-329C-8411-E241309925DD}
	EndProjectSection
EndProject
Project("{8BC9CEB8-8B4A-11D0-8D11-00A0C91BC942}") = "title", "tests\title.vcxproj", "{5B1D4B3C-E8D0-3E29-A8AE-761518D49D7B}"
	ProjectSection(ProjectDependencies) = postProject
		{C82CD15E-5145-383E-97E1-23E3866C4DF6} = {C82CD15E-5145-383E-97E1-23E3866C4DF6}
		{7E82BF96-A511-329C-8411-E241309925DD} = {7E82BF96-A511-329C-8411-E241309925DD}
	EndProjectSection
EndProject
Project("{8BC9CEB8-8B4A-11D0-8D11-00A0C91BC942}") = "triangle-opengl", "examples\triangle-opengl.vcxproj", "{9797E832-7672-3BB3-87F7-EA2D4090A0AD}"
	ProjectSection(ProjectDependencies) = postProject
		{C82CD15E-5145-383E-97E1-23E3866C4DF6} = {C82CD15E-5145-383E-97E1-23E3866C4DF6}
		{7E82BF96-A511-329C-8411-E241309925DD} = {7E82BF96-A511-329C-8411-E241309925DD}
	EndProjectSection
EndProject
Project("{8BC9CEB8-8B4A-11D0-8D11-00A0C91BC942}") = "triangle-opengles", "examples\triangle-opengles.vcxproj", "{EC60C56D-26C7-3C87-A992-A529B1229B23}"
	ProjectSection(ProjectDependencies) = postProject
		{C82CD15E-5145-383E-97E1-23E3866C4DF6} = {C82CD15E-5145-383E-97E1-23E3866C4DF6}
		{7E82BF96-A511-329C-8411-E241309925DD} = {7E82BF96-A511-329C-8411-E241309925DD}
	EndProjectSection
EndProject
Project("{8BC9CEB8-8B4A-11D0-8D11-00A0C91BC942}") = "triangle-vulkan", "tests\triangle-vulkan.vcxproj", "{A0647CFB-2FC4-33EC-834E-DF7CC94E511F}"
	ProjectSection(ProjectDependencies) = postProject
		{C82CD15E-5145-383E-97E1-23E3866C4DF6} = {C82CD15E-5145-383E-97E1-23E3866C4DF6}
		{7E82BF96-A511-329C-8411-E241309925DD} = {7E82BF96-A511-329C-8411-E241309925DD}
	EndProjectSection
EndProject
Project("{8BC9CEB8-8B4A-11D0-8D11-00A0C91BC942}") = "uninstall", "uninstall.vcxproj", "{6D485BA2-AF70-3CB4-BFF6-918B2C1AC212}"
	ProjectSection(ProjectDependencies) = postProject
		{C82CD15E-5145-383E-97E1-23E3866C4DF6} = {C82CD15E-5145-383E-97E1-23E3866C4DF6}
	EndProjectSection
EndProject
Project("{8BC9CEB8-8B4A-11D0-8D11-00A0C91BC942}") = "update_mappings", "src\update_mappings.vcxproj", "{2976857F-770C-348C-B933-42940DDAE861}"
	ProjectSection(ProjectDependencies) = postProject
		{C82CD15E-5145-383E-97E1-23E3866C4DF6} = {C82CD15E-5145-383E-97E1-23E3866C4DF6}
	EndProjectSection
EndProject
Project("{8BC9CEB8-8B4A-11D0-8D11-00A0C91BC942}") = "wave", "examples\wave.vcxproj", "{6C21F56C-1E77-3A5C-A0D9-36AD6A66F6CB}"
	ProjectSection(ProjectDependencies) = postProject
		{C82CD15E-5145-383E-97E1-23E3866C4DF6} = {C82CD15E-5145-383E-97E1-23E3866C4DF6}
		{7E82BF96-A511-329C-8411-E241309925DD} = {7E82BF96-A511-329C-8411-E241309925DD}
	EndProjectSection
EndProject
Project("{8BC9CEB8-8B4A-11D0-8D11-00A0C91BC942}") = "window", "tests\window.vcxproj", "{5477DB4B-D659-3962-8A35-AB1D1FBD0ECC}"
	ProjectSection(ProjectDependencies) = postProject
		{C82CD15E-5145-383E-97E1-23E3866C4DF6} = {C82CD15E-5145-383E-97E1-23E3866C4DF6}
		{7E82BF96-A511-329C-8411-E241309925DD} = {7E82BF96-A511-329C-8411-E241309925DD}
	EndProjectSection
EndProject
Project("{8BC9CEB8-8B4A-11D0-8D11-00A0C91BC942}") = "windows", "examples\windows.vcxproj", "{164C6C24-CA82-3F90-A23B-71F3578DE6D9}"
	ProjectSection(ProjectDependencies) = postProject
		{C82CD15E-5145-383E-97E1-23E3866C4DF6} = {C82CD15E-5145-383E-97E1-23E3866C4DF6}
		{7E82BF96-A511-329C-8411-E241309925DD} = {7E82BF96-A511-329C-8411-E241309925DD}
	EndProjectSection
EndProject
Global
	GlobalSection(SolutionConfigurationPlatforms) = preSolution
		Debug|x64 = Debug|x64
		Release|x64 = Release|x64
		MinSizeRel|x64 = MinSizeRel|x64
		RelWithDebInfo|x64 = RelWithDebInfo|x64
	EndGlobalSection
	GlobalSection(ProjectConfigurationPlatforms) = postSolution
		{CFE04EC9-2F82-3A29-819A-1AE6FBBDF5E9}.Debug|x64.ActiveCfg = Debug|x64
		{CFE04EC9-2F82-3A29-819A-1AE6FBBDF5E9}.Debug|x64.Build.0 = Debug|x64
		{CFE04EC9-2F82-3A29-819A-1AE6FBBDF5E9}.Release|x64.ActiveCfg = Release|x64
		{CFE04EC9-2F82-3A29-819A-1AE6FBBDF5E9}.Release|x64.Build.0 = Release|x64
		{CFE04EC9-2F82-3A29-819A-1AE6FBBDF5E9}.MinSizeRel|x64.ActiveCfg = MinSizeRel|x64
		{CFE04EC9-2F82-3A29-819A-1AE6FBBDF5E9}.MinSizeRel|x64.Build.0 = MinSizeRel|x64
		{CFE04EC9-2F82-3A29-819A-1AE6FBBDF5E9}.RelWithDebInfo|x64.ActiveCfg = RelWithDebInfo|x64
		{CFE04EC9-2F82-3A29-819A-1AE6FBBDF5E9}.RelWithDebInfo|x64.Build.0 = RelWithDebInfo|x64
		{C08CED48-B9F7-3D56-8DAA-67054E9C1594}.Debug|x64.ActiveCfg = Debug|x64
		{C08CED48-B9F7-3D56-8DAA-67054E9C1594}.Release|x64.ActiveCfg = Release|x64
		{C08CED48-B9F7-3D56-8DAA-67054E9C1594}.MinSizeRel|x64.ActiveCfg = MinSizeRel|x64
		{C08CED48-B9F7-3D56-8DAA-67054E9C1594}.RelWithDebInfo|x64.ActiveCfg = RelWithDebInfo|x64
		{C82CD15E-5145-383E-97E1-23E3866C4DF6}.Debug|x64.ActiveCfg = Debug|x64
		{C82CD15E-5145-383E-97E1-23E3866C4DF6}.Debug|x64.Build.0 = Debug|x64
		{C82CD15E-5145-383E-97E1-23E3866C4DF6}.Release|x64.ActiveCfg = Release|x64
		{C82CD15E-5145-383E-97E1-23E3866C4DF6}.Release|x64.Build.0 = Release|x64
		{C82CD15E-5145-383E-97E1-23E3866C4DF6}.MinSizeRel|x64.ActiveCfg = MinSizeRel|x64
		{C82CD15E-5145-383E-97E1-23E3866C4DF6}.MinSizeRel|x64.Build.0 = MinSizeRel|x64
		{C82CD15E-5145-383E-97E1-23E3866C4DF6}.RelWithDebInfo|x64.ActiveCfg = RelWithDebInfo|x64
		{C82CD15E-5145-383E-97E1-23E3866C4DF6}.RelWithDebInfo|x64.Build.0 = RelWithDebInfo|x64
		{385D720B-0C48-3C11-A320-D658B09AA7C0}.Debug|x64.ActiveCfg = Debug|x64
		{385D720B-0C48-3C11-A320-D658B09AA7C0}.Debug|x64.Build.0 = Debug|x64
		{385D720B-0C48-3C11-A320-D658B09AA7C0}.Release|x64.ActiveCfg = Release|x64
		{385D720B-0C48-3C11-A320-D658B09AA7C0}.Release|x64.Build.0 = Release|x64
		{385D720B-0C48-3C11-A320-D658B09AA7C0}.MinSizeRel|x64.ActiveCfg = MinSizeRel|x64
		{385D720B-0C48-3C11-A320-D658B09AA7C0}.MinSizeRel|x64.Build.0 = MinSizeRel|x64
		{385D720B-0C48-3C11-A320-D658B09AA7C0}.RelWithDebInfo|x64.ActiveCfg = RelWithDebInfo|x64
		{385D720B-0C48-3C11-A320-D658B09AA7C0}.RelWithDebInfo|x64.Build.0 = RelWithDebInfo|x64
		{681A1AEC-45B9-37D9-B74E-FF33958580A1}.Debug|x64.ActiveCfg = Debug|x64
		{681A1AEC-45B9-37D9-B74E-FF33958580A1}.Debug|x64.Build.0 = Debug|x64
		{681A1AEC-45B9-37D9-B74E-FF33958580A1}.Release|x64.ActiveCfg = Release|x64
		{681A1AEC-45B9-37D9-B74E-FF33958580A1}.Release|x64.Build.0 = Release|x64
		{681A1AEC-45B9-37D9-B74E-FF33958580A1}.MinSizeRel|x64.ActiveCfg = MinSizeRel|x64
		{681A1AEC-45B9-37D9-B74E-FF33958580A1}.MinSizeRel|x64.Build.0 = MinSizeRel|x64
		{681A1AEC-45B9-37D9-B74E-FF33958580A1}.RelWithDebInfo|x64.ActiveCfg = RelWithDebInfo|x64
		{681A1AEC-45B9-37D9-B74E-FF33958580A1}.RelWithDebInfo|x64.Build.0 = RelWithDebInfo|x64
		{2F4E4A45-E503-3698-A771-758DDB6F1EBA}.Debug|x64.ActiveCfg = Debug|x64
		{2F4E4A45-E503-3698-A771-758DDB6F1EBA}.Debug|x64.Build.0 = Debug|x64
		{2F4E4A45-E503-3698-A771-758DDB6F1EBA}.Release|x64.ActiveCfg = Release|x64
		{2F4E4A45-E503-3698-A771-758DDB6F1EBA}.Release|x64.Build.0 = Release|x64
		{2F4E4A45-E503-3698-A771-758DDB6F1EBA}.MinSizeRel|x64.ActiveCfg = MinSizeRel|x64
		{2F4E4A45-E503-3698-A771-758DDB6F1EBA}.MinSizeRel|x64.Build.0 = MinSizeRel|x64
		{2F4E4A45-E503-3698-A771-758DDB6F1EBA}.RelWithDebInfo|x64.ActiveCfg = RelWithDebInfo|x64
		{2F4E4A45-E503-3698-A771-758DDB6F1EBA}.RelWithDebInfo|x64.Build.0 = RelWithDebInfo|x64
		{3BE5ED38-3E4C-3070-A7EA-C26D30278FEC}.Debug|x64.ActiveCfg = Debug|x64
		{3BE5ED38-3E4C-3070-A7EA-C26D30278FEC}.Debug|x64.Build.0 = Debug|x64
		{3BE5ED38-3E4C-3070-A7EA-C26D30278FEC}.Release|x64.ActiveCfg = Release|x64
		{3BE5ED38-3E4C-3070-A7EA-C26D30278FEC}.Release|x64.Build.0 = Release|x64
		{3BE5ED38-3E4C-3070-A7EA-C26D30278FEC}.MinSizeRel|x64.ActiveCfg = MinSizeRel|x64
		{3BE5ED38-3E4C-3070-A7EA-C26D30278FEC}.MinSizeRel|x64.Build.0 = MinSizeRel|x64
		{3BE5ED38-3E4C-3070-A7EA-C26D30278FEC}.RelWithDebInfo|x64.ActiveCfg = RelWithDebInfo|x64
		{3BE5ED38-3E4C-3070-A7EA-C26D30278FEC}.RelWithDebInfo|x64.Build.0 = RelWithDebInfo|x64
		{6E8F9722-ACA4-3C37-B21A-523B1C88A3E1}.Debug|x64.ActiveCfg = Debug|x64
		{6E8F9722-ACA4-3C37-B21A-523B1C88A3E1}.Debug|x64.Build.0 = Debug|x64
		{6E8F9722-ACA4-3C37-B21A-523B1C88A3E1}.Release|x64.ActiveCfg = Release|x64
		{6E8F9722-ACA4-3C37-B21A-523B1C88A3E1}.Release|x64.Build.0 = Release|x64
		{6E8F9722-ACA4-3C37-B21A-523B1C88A3E1}.MinSizeRel|x64.ActiveCfg = MinSizeRel|x64
		{6E8F9722-ACA4-3C37-B21A-523B1C88A3E1}.MinSizeRel|x64.Build.0 = MinSizeRel|x64
		{6E8F9722-ACA4-3C37-B21A-523B1C88A3E1}.RelWithDebInfo|x64.ActiveCfg = RelWithDebInfo|x64
		{6E8F9722-ACA4-3C37-B21A-523B1C88A3E1}.RelWithDebInfo|x64.Build.0 = RelWithDebInfo|x64
		{6692C709-330F-3DB5-84C3-D14046CA218A}.Debug|x64.ActiveCfg = Debug|x64
		{6692C709-330F-3DB5-84C3-D14046CA218A}.Debug|x64.Build.0 = Debug|x64
		{6692C709-330F-3DB5-84C3-D14046CA218A}.Release|x64.ActiveCfg = Release|x64
		{6692C709-330F-3DB5-84C3-D14046CA218A}.Release|x64.Build.0 = Release|x64
		{6692C709-330F-3DB5-84C3-D14046CA218A}.MinSizeRel|x64.ActiveCfg = MinSizeRel|x64
		{6692C709-330F-3DB5-84C3-D14046CA218A}.MinSizeRel|x64.Build.0 = MinSizeRel|x64
		{6692C709-330F-3DB5-84C3-D14046CA218A}.RelWithDebInfo|x64.ActiveCfg = RelWithDebInfo|x64
		{6692C709-330F-3DB5-84C3-D14046CA218A}.RelWithDebInfo|x64.Build.0 = RelWithDebInfo|x64
		{F96979D4-5B2D-3C30-8A18-EA3EC3FF2BE2}.Debug|x64.ActiveCfg = Debug|x64
		{F96979D4-5B2D-3C30-8A18-EA3EC3FF2BE2}.Debug|x64.Build.0 = Debug|x64
		{F96979D4-5B2D-3C30-8A18-EA3EC3FF2BE2}.Release|x64.ActiveCfg = Release|x64
		{F96979D4-5B2D-3C30-8A18-EA3EC3FF2BE2}.Release|x64.Build.0 = Release|x64
		{F96979D4-5B2D-3C30-8A18-EA3EC3FF2BE2}.MinSizeRel|x64.ActiveCfg = MinSizeRel|x64
		{F96979D4-5B2D-3C30-8A18-EA3EC3FF2BE2}.MinSizeRel|x64.Build.0 = MinSizeRel|x64
		{F96979D4-5B2D-3C30-8A18-EA3EC3FF2BE2}.RelWithDebInfo|x64.ActiveCfg = RelWithDebInfo|x64
		{F96979D4-5B2D-3C30-8A18-EA3EC3FF2BE2}.RelWithDebInfo|x64.Build.0 = RelWithDebInfo|x64
		{294680F4-C51C-3859-8CE0-FBE5023463A8}.Debug|x64.ActiveCfg = Debug|x64
		{294680F4-C51C-3859-8CE0-FBE5023463A8}.Debug|x64.Build.0 = Debug|x64
		{294680F4-C51C-3859-8CE0-FBE5023463A8}.Release|x64.ActiveCfg = Release|x64
		{294680F4-C51C-3859-8CE0-FBE5023463A8}.Release|x64.Build.0 = Release|x64
		{294680F4-C51C-3859-8CE0-FBE5023463A8}.MinSizeRel|x64.ActiveCfg = MinSizeRel|x64
		{294680F4-C51C-3859-8CE0-FBE5023463A8}.MinSizeRel|x64.Build.0 = MinSizeRel|x64
		{294680F4-C51C-3859-8CE0-FBE5023463A8}.RelWithDebInfo|x64.ActiveCfg = RelWithDebInfo|x64
		{294680F4-C51C-3859-8CE0-FBE5023463A8}.RelWithDebInfo|x64.Build.0 = RelWithDebInfo|x64
		{7E82BF96-A511-329C-8411-E241309925DD}.Debug|x64.ActiveCfg = Debug|x64
		{7E82BF96-A511-329C-8411-E241309925DD}.Debug|x64.Build.0 = Debug|x64
		{7E82BF96-A511-329C-8411-E241309925DD}.Release|x64.ActiveCfg = Release|x64
		{7E82BF96-A511-329C-8411-E241309925DD}.Release|x64.Build.0 = Release|x64
		{7E82BF96-A511-329C-8411-E241309925DD}.MinSizeRel|x64.ActiveCfg = MinSizeRel|x64
		{7E82BF96-A511-329C-8411-E241309925DD}.MinSizeRel|x64.Build.0 = MinSizeRel|x64
		{7E82BF96-A511-329C-8411-E241309925DD}.RelWithDebInfo|x64.ActiveCfg = RelWithDebInfo|x64
		{7E82BF96-A511-329C-8411-E241309925DD}.RelWithDebInfo|x64.Build.0 = RelWithDebInfo|x64
		{6A90E83B-1F44-357D-AEEF-F90125E6F157}.Debug|x64.ActiveCfg = Debug|x64
		{6A90E83B-1F44-357D-AEEF-F90125E6F157}.Debug|x64.Build.0 = Debug|x64
		{6A90E83B-1F44-357D-AEEF-F90125E6F157}.Release|x64.ActiveCfg = Release|x64
		{6A90E83B-1F44-357D-AEEF-F90125E6F157}.Release|x64.Build.0 = Release|x64
		{6A90E83B-1F44-357D-AEEF-F90125E6F157}.MinSizeRel|x64.ActiveCfg = MinSizeRel|x64
		{6A90E83B-1F44-357D-AEEF-F90125E6F157}.MinSizeRel|x64.Build.0 = MinSizeRel|x64
		{6A90E83B-1F44-357D-AEEF-F90125E6F157}.RelWithDebInfo|x64.ActiveCfg = RelWithDebInfo|x64
		{6A90E83B-1F44-357D-AEEF-F90125E6F157}.RelWithDebInfo|x64.Build.0 = RelWithDebInfo|x64
		{49CD520B-4A89-3F31-A509-597F83B5AC10}.Debug|x64.ActiveCfg = Debug|x64
		{49CD520B-4A89-3F31-A509-597F83B5AC10}.Debug|x64.Build.0 = Debug|x64
		{49CD520B-4A89-3F31-A509-597F83B5AC10}.Release|x64.ActiveCfg = Release|x64
		{49CD520B-4A89-3F31-A509-597F83B5AC10}.Release|x64.Build.0 = Release|x64
		{49CD520B-4A89-3F31-A509-597F83B5AC10}.MinSizeRel|x64.ActiveCfg = MinSizeRel|x64
		{49CD520B-4A89-3F31-A509-597F83B5AC10}.MinSizeRel|x64.Build.0 = MinSizeRel|x64
		{49CD520B-4A89-3F31-A509-597F83B5AC10}.RelWithDebInfo|x64.ActiveCfg = RelWithDebInfo|x64
		{49CD520B-4A89-3F31-A509-597F83B5AC10}.RelWithDebInfo|x64.Build.0 = RelWithDebInfo|x64
		{011EDA9B-3B73-37FA-9FA1-1CBAA6040FA2}.Debug|x64.ActiveCfg = Debug|x64
		{011EDA9B-3B73-37FA-9FA1-1CBAA6040FA2}.Debug|x64.Build.0 = Debug|x64
		{011EDA9B-3B73-37FA-9FA1-1CBAA6040FA2}.Release|x64.ActiveCfg = Release|x64
		{011EDA9B-3B73-37FA-9FA1-1CBAA6040FA2}.Release|x64.Build.0 = Release|x64
		{011EDA9B-3B73-37FA-9FA1-1CBAA6040FA2}.MinSizeRel|x64.ActiveCfg = MinSizeRel|x64
		{011EDA9B-3B73-37FA-9FA1-1CBAA6040FA2}.MinSizeRel|x64.Build.0 = MinSizeRel|x64
		{011EDA9B-3B73-37FA-9FA1-1CBAA6040FA2}.RelWithDebInfo|x64.ActiveCfg = RelWithDebInfo|x64
		{011EDA9B-3B73-37FA-9FA1-1CBAA6040FA2}.RelWithDebInfo|x64.Build.0 = RelWithDebInfo|x64
		{E9CB7AE4-E68C-3E4E-B387-54BE4384040B}.Debug|x64.ActiveCfg = Debug|x64
		{E9CB7AE4-E68C-3E4E-B387-54BE4384040B}.Debug|x64.Build.0 = Debug|x64
		{E9CB7AE4-E68C-3E4E-B387-54BE4384040B}.Release|x64.ActiveCfg = Release|x64
		{E9CB7AE4-E68C-3E4E-B387-54BE4384040B}.Release|x64.Build.0 = Release|x64
		{E9CB7AE4-E68C-3E4E-B387-54BE4384040B}.MinSizeRel|x64.ActiveCfg = MinSizeRel|x64
		{E9CB7AE4-E68C-3E4E-B387-54BE4384040B}.MinSizeRel|x64.Build.0 = MinSizeRel|x64
		{E9CB7AE4-E68C-3E4E-B387-54BE4384040B}.RelWithDebInfo|x64.ActiveCfg = RelWithDebInfo|x64
		{E9CB7AE4-E68C-3E4E-B387-54BE4384040B}.RelWithDebInfo|x64.Build.0 = RelWithDebInfo|x64
		{4D312C33-5EA8-3FF4-AAD9-3FDC83BF08E7}.Debug|x64.ActiveCfg = Debug|x64
		{4D312C33-5EA8-3FF4-AAD9-3FDC83BF08E7}.Debug|x64.Build.0 = Debug|x64
		{4D312C33-5EA8-3FF4-AAD9-3FDC83BF08E7}.Release|x64.ActiveCfg = Release|x64
		{4D312C33-5EA8-3FF4-AAD9-3FDC83BF08E7}.Release|x64.Build.0 = Release|x64
		{4D312C33-5EA8-3FF4-AAD9-3FDC83BF08E7}.MinSizeRel|x64.ActiveCfg = MinSizeRel|x64
		{4D312C33-5EA8-3FF4-AAD9-3FDC83BF08E7}.MinSizeRel|x64.Build.0 = MinSizeRel|x64
		{4D312C33-5EA8-3FF4-AAD9-3FDC83BF08E7}.RelWithDebInfo|x64.ActiveCfg = RelWithDebInfo|x64
		{4D312C33-5EA8-3FF4-AAD9-3FDC83BF08E7}.RelWithDebInfo|x64.Build.0 = RelWithDebInfo|x64
		{23F2F856-B6FD-37ED-913F-FB0E9ABB4EA3}.Debug|x64.ActiveCfg = Debug|x64
		{23F2F856-B6FD-37ED-913F-FB0E9ABB4EA3}.Debug|x64.Build.0 = Debug|x64
		{23F2F856-B6FD-37ED-913F-FB0E9ABB4EA3}.Release|x64.ActiveCfg = Release|x64
		{23F2F856-B6FD-37ED-913F-FB0E9ABB4EA3}.Release|x64.Build.0 = Release|x64
		{23F2F856-B6FD-37ED-913F-FB0E9ABB4EA3}.MinSizeRel|x64.ActiveCfg = MinSizeRel|x64
		{23F2F856-B6FD-37ED-913F-FB0E9ABB4EA3}.MinSizeRel|x64.Build.0 = MinSizeRel|x64
		{23F2F856-B6FD-37ED-913F-FB0E9ABB4EA3}.RelWithDebInfo|x64.ActiveCfg = RelWithDebInfo|x64
		{23F2F856-B6FD-37ED-913F-FB0E9ABB4EA3}.RelWithDebInfo|x64.Build.0 = RelWithDebInfo|x64
		{A8A1D157-7EF1-3E42-A5D7-C1932D174677}.Debug|x64.ActiveCfg = Debug|x64
		{A8A1D157-7EF1-3E42-A5D7-C1932D174677}.Debug|x64.Build.0 = Debug|x64
		{A8A1D157-7EF1-3E42-A5D7-C1932D174677}.Release|x64.ActiveCfg = Release|x64
		{A8A1D157-7EF1-3E42-A5D7-C1932D174677}.Release|x64.Build.0 = Release|x64
		{A8A1D157-7EF1-3E42-A5D7-C1932D174677}.MinSizeRel|x64.ActiveCfg = MinSizeRel|x64
		{A8A1D157-7EF1-3E42-A5D7-C1932D174677}.MinSizeRel|x64.Build.0 = MinSizeRel|x64
		{A8A1D157-7EF1-3E42-A5D7-C1932D174677}.RelWithDebInfo|x64.ActiveCfg = RelWithDebInfo|x64
		{A8A1D157-7EF1-3E42-A5D7-C1932D174677}.RelWithDebInfo|x64.Build.0 = RelWithDebInfo|x64
		{8C619D9B-5F58-3164-A294-727E48448DF9}.Debug|x64.ActiveCfg = Debug|x64
		{8C619D9B-5F58-3164-A294-727E48448DF9}.Debug|x64.Build.0 = Debug|x64
		{8C619D9B-5F58-3164-A294-727E48448DF9}.Release|x64.ActiveCfg = Release|x64
		{8C619D9B-5F58-3164-A294-727E48448DF9}.Release|x64.Build.0 = Release|x64
		{8C619D9B-5F58-3164-A294-727E48448DF9}.MinSizeRel|x64.ActiveCfg = MinSizeRel|x64
		{8C619D9B-5F58-3164-A294-727E48448DF9}.MinSizeRel|x64.Build.0 = MinSizeRel|x64
		{8C619D9B-5F58-3164-A294-727E48448DF9}.RelWithDebInfo|x64.ActiveCfg = RelWithDebInfo|x64
		{8C619D9B-5F58-3164-A294-727E48448DF9}.RelWithDebInfo|x64.Build.0 = RelWithDebInfo|x64
		{77EBB3AF-7BB7-3672-9206-3799EB333EFF}.Debug|x64.ActiveCfg = Debug|x64
		{77EBB3AF-7BB7-3672-9206-3799EB333EFF}.Debug|x64.Build.0 = Debug|x64
		{77EBB3AF-7BB7-3672-9206-3799EB333EFF}.Release|x64.ActiveCfg = Release|x64
		{77EBB3AF-7BB7-3672-9206-3799EB333EFF}.Release|x64.Build.0 = Release|x64
		{77EBB3AF-7BB7-3672-9206-3799EB333EFF}.MinSizeRel|x64.ActiveCfg = MinSizeRel|x64
		{77EBB3AF-7BB7-3672-9206-3799EB333EFF}.MinSizeRel|x64.Build.0 = MinSizeRel|x64
		{77EBB3AF-7BB7-3672-9206-3799EB333EFF}.RelWithDebInfo|x64.ActiveCfg = RelWithDebInfo|x64
		{77EBB3AF-7BB7-3672-9206-3799EB333EFF}.RelWithDebInfo|x64.Build.0 = RelWithDebInfo|x64
		{F3757F6A-F319-34B8-A37A-4D6340106125}.Debug|x64.ActiveCfg = Debug|x64
		{F3757F6A-F319-34B8-A37A-4D6340106125}.Debug|x64.Build.0 = Debug|x64
		{F3757F6A-F319-34B8-A37A-4D6340106125}.Release|x64.ActiveCfg = Release|x64
		{F3757F6A-F319-34B8-A37A-4D6340106125}.Release|x64.Build.0 = Release|x64
		{F3757F6A-F319-34B8-A37A-4D6340106125}.MinSizeRel|x64.ActiveCfg = MinSizeRel|x64
		{F3757F6A-F319-34B8-A37A-4D6340106125}.MinSizeRel|x64.Build.0 = MinSizeRel|x64
		{F3757F6A-F319-34B8-A37A-4D6340106125}.RelWithDebInfo|x64.ActiveCfg = RelWithDebInfo|x64
		{F3757F6A-F319-34B8-A37A-4D6340106125}.RelWithDebInfo|x64.Build.0 = RelWithDebInfo|x64
		{1628A7B6-FFA9-37A8-82EE-2268A0FDFCA9}.Debug|x64.ActiveCfg = Debug|x64
		{1628A7B6-FFA9-37A8-82EE-2268A0FDFCA9}.Debug|x64.Build.0 = Debug|x64
		{1628A7B6-FFA9-37A8-82EE-2268A0FDFCA9}.Release|x64.ActiveCfg = Release|x64
		{1628A7B6-FFA9-37A8-82EE-2268A0FDFCA9}.Release|x64.Build.0 = Release|x64
		{1628A7B6-FFA9-37A8-82EE-2268A0FDFCA9}.MinSizeRel|x64.ActiveCfg = MinSizeRel|x64
		{1628A7B6-FFA9-37A8-82EE-2268A0FDFCA9}.MinSizeRel|x64.Build.0 = MinSizeRel|x64
		{1628A7B6-FFA9-37A8-82EE-2268A0FDFCA9}.RelWithDebInfo|x64.ActiveCfg = RelWithDebInfo|x64
		{1628A7B6-FFA9-37A8-82EE-2268A0FDFCA9}.RelWithDebInfo|x64.Build.0 = RelWithDebInfo|x64
		{109BC9A0-54FA-3D87-A1D4-718EEB24E4E4}.Debug|x64.ActiveCfg = Debug|x64
		{109BC9A0-54FA-3D87-A1D4-718EEB24E4E4}.Debug|x64.Build.0 = Debug|x64
		{109BC9A0-54FA-3D87-A1D4-718EEB24E4E4}.Release|x64.ActiveCfg = Release|x64
		{109BC9A0-54FA-3D87-A1D4-718EEB24E4E4}.Release|x64.Build.0 = Release|x64
		{109BC9A0-54FA-3D87-A1D4-718EEB24E4E4}.MinSizeRel|x64.ActiveCfg = MinSizeRel|x64
		{109BC9A0-54FA-3D87-A1D4-718EEB24E4E4}.MinSizeRel|x64.Build.0 = MinSizeRel|x64
		{109BC9A0-54FA-3D87-A1D4-718EEB24E4E4}.RelWithDebInfo|x64.ActiveCfg = RelWithDebInfo|x64
		{109BC9A0-54FA-3D87-A1D4-718EEB24E4E4}.RelWithDebInfo|x64.Build.0 = RelWithDebInfo|x64
		{CE43D1FB-4FA4-3921-A579-C2B251BBC8E1}.Debug|x64.ActiveCfg = Debug|x64
		{CE43D1FB-4FA4-3921-A579-C2B251BBC8E1}.Debug|x64.Build.0 = Debug|x64
		{CE43D1FB-4FA4-3921-A579-C2B251BBC8E1}.Release|x64.ActiveCfg = Release|x64
		{CE43D1FB-4FA4-3921-A579-C2B251BBC8E1}.Release|x64.Build.0 = Release|x64
		{CE43D1FB-4FA4-3921-A579-C2B251BBC8E1}.MinSizeRel|x64.ActiveCfg = MinSizeRel|x64
		{CE43D1FB-4FA4-3921-A579-C2B251BBC8E1}.MinSizeRel|x64.Build.0 = MinSizeRel|x64
		{CE43D1FB-4FA4-3921-A579-C2B251BBC8E1}.RelWithDebInfo|x64.ActiveCfg = RelWithDebInfo|x64
		{CE43D1FB-4FA4-3921-A579-C2B251BBC8E1}.RelWithDebInfo|x64.Build.0 = RelWithDebInfo|x64
		{AA966EC1-CC1F-31FD-9EA6-BE02439F5C6E}.Debug|x64.ActiveCfg = Debug|x64
		{AA966EC1-CC1F-31FD-9EA6-BE02439F5C6E}.Debug|x64.Build.0 = Debug|x64
		{AA966EC1-CC1F-31FD-9EA6-BE02439F5C6E}.Release|x64.ActiveCfg = Release|x64
		{AA966EC1-CC1F-31FD-9EA6-BE02439F5C6E}.Release|x64.Build.0 = Release|x64
		{AA966EC1-CC1F-31FD-9EA6-BE02439F5C6E}.MinSizeRel|x64.ActiveCfg = MinSizeRel|x64
		{AA966EC1-CC1F-31FD-9EA6-BE02439F5C6E}.MinSizeRel|x64.Build.0 = MinSizeRel|x64
		{AA966EC1-CC1F-31FD-9EA6-BE02439F5C6E}.RelWithDebInfo|x64.ActiveCfg = RelWithDebInfo|x64
		{AA966EC1-CC1F-31FD-9EA6-BE02439F5C6E}.RelWithDebInfo|x64.Build.0 = RelWithDebInfo|x64
		{14C8E702-C422-3D6E-B7D0-7ED2C398A467}.Debug|x64.ActiveCfg = Debug|x64
		{14C8E702-C422-3D6E-B7D0-7ED2C398A467}.Debug|x64.Build.0 = Debug|x64
		{14C8E702-C422-3D6E-B7D0-7ED2C398A467}.Release|x64.ActiveCfg = Release|x64
		{14C8E702-C422-3D6E-B7D0-7ED2C398A467}.Release|x64.Build.0 = Release|x64
		{14C8E702-C422-3D6E-B7D0-7ED2C398A467}.MinSizeRel|x64.ActiveCfg = MinSizeRel|x64
		{14C8E702-C422-3D6E-B7D0-7ED2C398A467}.MinSizeRel|x64.Build.0 = MinSizeRel|x64
		{14C8E702-C422-3D6E-B7D0-7ED2C398A467}.RelWithDebInfo|x64.ActiveCfg = RelWithDebInfo|x64
		{14C8E702-C422-3D6E-B7D0-7ED2C398A467}.RelWithDebInfo|x64.Build.0 = RelWithDebInfo|x64
		{CA7340AF-11EA-3654-AB3F-5184ED65A662}.Debug|x64.ActiveCfg = Debug|x64
		{CA7340AF-11EA-3654-AB3F-5184ED65A662}.Debug|x64.Build.0 = Debug|x64
		{CA7340AF-11EA-3654-AB3F-5184ED65A662}.Release|x64.ActiveCfg = Release|x64
		{CA7340AF-11EA-3654-AB3F-5184ED65A662}.Release|x64.Build.0 = Release|x64
		{CA7340AF-11EA-3654-AB3F-5184ED65A662}.MinSizeRel|x64.ActiveCfg = MinSizeRel|x64
		{CA7340AF-11EA-3654-AB3F-5184ED65A662}.MinSizeRel|x64.Build.0 = MinSizeRel|x64
		{CA7340AF-11EA-3654-AB3F-5184ED65A662}.RelWithDebInfo|x64.ActiveCfg = RelWithDebInfo|x64
		{CA7340AF-11EA-3654-AB3F-5184ED65A662}.RelWithDebInfo|x64.Build.0 = RelWithDebInfo|x64
		{5B1D4B3C-E8D0-3E29-A8AE-761518D49D7B}.Debug|x64.ActiveCfg = Debug|x64
		{5B1D4B3C-E8D0-3E29-A8AE-761518D49D7B}.Debug|x64.Build.0 = Debug|x64
		{5B1D4B3C-E8D0-3E29-A8AE-761518D49D7B}.Release|x64.ActiveCfg = Release|x64
		{5B1D4B3C-E8D0-3E29-A8AE-761518D49D7B}.Release|x64.Build.0 = Release|x64
		{5B1D4B3C-E8D0-3E29-A8AE-761518D49D7B}.MinSizeRel|x64.ActiveCfg = MinSizeRel|x64
		{5B1D4B3C-E8D0-3E29-A8AE-761518D49D7B}.MinSizeRel|x64.Build.0 = MinSizeRel|x64
		{5B1D4B3C-E8D0-3E29-A8AE-761518D49D7B}.RelWithDebInfo|x64.ActiveCfg = RelWithDebInfo|x64
		{5B1D4B3C-E8D0-3E29-A8AE-761518D49D7B}.RelWithDebInfo|x64.Build.0 = RelWithDebInfo|x64
		{9797E832-7672-3BB3-87F7-EA2D4090A0AD}.Debug|x64.ActiveCfg = Debug|x64
		{9797E832-7672-3BB3-87F7-EA2D4090A0AD}.Debug|x64.Build.0 = Debug|x64
		{9797E832-7672-3BB3-87F7-EA2D4090A0AD}.Release|x64.ActiveCfg = Release|x64
		{9797E832-7672-3BB3-87F7-EA2D4090A0AD}.Release|x64.Build.0 = Release|x64
		{9797E832-7672-3BB3-87F7-EA2D4090A0AD}.MinSizeRel|x64.ActiveCfg = MinSizeRel|x64
		{9797E832-7672-3BB3-87F7-EA2D4090A0AD}.MinSizeRel|x64.Build.0 = MinSizeRel|x64
		{9797E832-7672-3BB3-87F7-EA2D4090A0AD}.RelWithDebInfo|x64.ActiveCfg = RelWithDebInfo|x64
		{9797E832-7672-3BB3-87F7-EA2D4090A0AD}.RelWithDebInfo|x64.Build.0 = RelWithDebInfo|x64
		{EC60C56D-26C7-3C87-A992-A529B1229B23}.Debug|x64.ActiveCfg = Debug|x64
		{EC60C56D-26C7-3C87-A992-A529B1229B23}.Debug|x64.Build.0 = Debug|x64
		{EC60C56D-26C7-3C87-A992-A529B1229B23}.Release|x64.ActiveCfg = Release|x64
		{EC60C56D-26C7-3C87-A992-A529B1229B23}.Release|x64.Build.0 = Release|x64
		{EC60C56D-26C7-3C87-A992-A529B1229B23}.MinSizeRel|x64.ActiveCfg = MinSizeRel|x64
		{EC60C56D-26C7-3C87-A992-A529B1229B23}.MinSizeRel|x64.Build.0 = MinSizeRel|x64
		{EC60C56D-26C7-3C87-A992-A529B1229B23}.RelWithDebInfo|x64.ActiveCfg = RelWithDebInfo|x64
		{EC60C56D-26C7-3C87-A992-A529B1229B23}.RelWithDebInfo|x64.Build.0 = RelWithDebInfo|x64
		{A0647CFB-2FC4-33EC-834E-DF7CC94E511F}.Debug|x64.ActiveCfg = Debug|x64
		{A0647CFB-2FC4-33EC-834E-DF7CC94E511F}.Debug|x64.Build.0 = Debug|x64
		{A0647CFB-2FC4-33EC-834E-DF7CC94E511F}.Release|x64.ActiveCfg = Release|x64
		{A0647CFB-2FC4-33EC-834E-DF7CC94E511F}.Release|x64.Build.0 = Release|x64
		{A0647CFB-2FC4-33EC-834E-DF7CC94E511F}.MinSizeRel|x64.ActiveCfg = MinSizeRel|x64
		{A0647CFB-2FC4-33EC-834E-DF7CC94E511F}.MinSizeRel|x64.Build.0 = MinSizeRel|x64
		{A0647CFB-2FC4-33EC-834E-DF7CC94E511F}.RelWithDebInfo|x64.ActiveCfg = RelWithDebInfo|x64
		{A0647CFB-2FC4-33EC-834E-DF7CC94E511F}.RelWithDebInfo|x64.Build.0 = RelWithDebInfo|x64
		{6D485BA2-AF70-3CB4-BFF6-918B2C1AC212}.Debug|x64.ActiveCfg = Debug|x64
		{6D485BA2-AF70-3CB4-BFF6-918B2C1AC212}.Release|x64.ActiveCfg = Release|x64
		{6D485BA2-AF70-3CB4-BFF6-918B2C1AC212}.MinSizeRel|x64.ActiveCfg = MinSizeRel|x64
		{6D485BA2-AF70-3CB4-BFF6-918B2C1AC212}.RelWithDebInfo|x64.ActiveCfg = RelWithDebInfo|x64
		{2976857F-770C-348C-B933-42940DDAE861}.Debug|x64.ActiveCfg = Debug|x64
		{2976857F-770C-348C-B933-42940DDAE861}.Release|x64.ActiveCfg = Release|x64
		{2976857F-770C-348C-B933-42940DDAE861}.MinSizeRel|x64.ActiveCfg = MinSizeRel|x64
		{2976857F-770C-348C-B933-42940DDAE861}.RelWithDebInfo|x64.ActiveCfg = RelWithDebInfo|x64
		{6C21F56C-1E77-3A5C-A0D9-36AD6A66F6CB}.Debug|x64.ActiveCfg = Debug|x64
		{6C21F56C-1E77-3A5C-A0D9-36AD6A66F6CB}.Debug|x64.Build.0 = Debug|x64
		{6C21F56C-1E77-3A5C-A0D9-36AD6A66F6CB}.Release|x64.ActiveCfg = Release|x64
		{6C21F56C-1E77-3A5C-A0D9-36AD6A66F6CB}.Release|x64.Build.0 = Release|x64
		{6C21F56C-1E77-3A5C-A0D9-36AD6A66F6CB}.MinSizeRel|x64.ActiveCfg = MinSizeRel|x64
		{6C21F56C-1E77-3A5C-A0D9-36AD6A66F6CB}.MinSizeRel|x64.Build.0 = MinSizeRel|x64
		{6C21F56C-1E77-3A5C-A0D9-36AD6A66F6CB}.RelWithDebInfo|x64.ActiveCfg = RelWithDebInfo|x64
		{6C21F56C-1E77-3A5C-A0D9-36AD6A66F6CB}.RelWithDebInfo|x64.Build.0 = RelWithDebInfo|x64
		{5477DB4B-D659-3962-8A35-AB1D1FBD0ECC}.Debug|x64.ActiveCfg = Debug|x64
		{5477DB4B-D659-3962-8A35-AB1D1FBD0ECC}.Debug|x64.Build.0 = Debug|x64
		{5477DB4B-D659-3962-8A35-AB1D1FBD0ECC}.Release|x64.ActiveCfg = Release|x64
		{5477DB4B-D659-3962-8A35-AB1D1FBD0ECC}.Release|x64.Build.0 = Release|x64
		{5477DB4B-D659-3962-8A35-AB1D1FBD0ECC}.MinSizeRel|x64.ActiveCfg = MinSizeRel|x64
		{5477DB4B-D659-3962-8A35-AB1D1FBD0ECC}.MinSizeRel|x64.Build.0 = MinSizeRel|x64
		{5477DB4B-D659-3962-8A35-AB1D1FBD0ECC}.RelWithDebInfo|x64.ActiveCfg = RelWithDebInfo|x64
		{5477DB4B-D659-3962-8A35-AB1D1FBD0ECC}.RelWithDebInfo|x64.Build.0 = RelWithDebInfo|x64
		{164C6C24-CA82-3F90-A23B-71F3578DE6D9}.Debug|x64.ActiveCfg = Debug|x64
		{164C6C24-CA82-3F90-A23B-71F3578DE6D9}.Debug|x64.Build.0 = Debug|x64
		{164C6C24-CA82-3F90-A23B-71F3578DE6D9}.Release|x64.ActiveCfg = Release|x64
		{164C6C24-CA82-3F90-A23B-71F3578DE6D9}.Release|x64.Build.0 = Release|x64
		{164C6C24-CA82-3F90-A23B-71F3578DE6D9}.MinSizeRel|x64.ActiveCfg = MinSizeRel|x64
		{164C6C24-CA82-3F90-A23B-71F3578DE6D9}.MinSizeRel|x64.Build.0 = MinSizeRel|x64
		{164C6C24-CA82-3F90-A23B-71F3578DE6D9}.RelWithDebInfo|x64.ActiveCfg = RelWithDebInfo|x64
		{164C6C24-CA82-3F90-A23B-71F3578DE6D9}.RelWithDebInfo|x64.Build.0 = RelWithDebInfo|x64
	EndGlobalSection
	GlobalSection(NestedProjects) = preSolution
		{CFE04EC9-2F82-3A29-819A-1AE6FBBDF5E9} = {459D6B57-E493-32AD-91DD-27BA1F6CF369}
		{C08CED48-B9F7-3D56-8DAA-67054E9C1594} = {459D6B57-E493-32AD-91DD-27BA1F6CF369}
		{C82CD15E-5145-383E-97E1-23E3866C4DF6} = {459D6B57-E493-32AD-91DD-27BA1F6CF369}
		{19C26EEF-5C7C-32B2-8121-372DB500941C} = {4988D1E0-862E-33B5-96B4-0C9F7BB72D22}
		{E537C16A-BBC2-3BE6-8897-D219478EACF2} = {4988D1E0-862E-33B5-96B4-0C9F7BB72D22}
		{7E82BF96-A511-329C-8411-E241309925DD} = {4988D1E0-862E-33B5-96B4-0C9F7BB72D22}
		{6D485BA2-AF70-3CB4-BFF6-918B2C1AC212} = {4988D1E0-862E-33B5-96B4-0C9F7BB72D22}
		{2976857F-770C-348C-B933-42940DDAE861} = {4988D1E0-862E-33B5-96B4-0C9F7BB72D22}
		{681A1AEC-45B9-37D9-B74E-FF33958580A1} = {19C26EEF-5C7C-32B2-8121-372DB500941C}
		{294680F4-C51C-3859-8CE0-FBE5023463A8} = {19C26EEF-5C7C-32B2-8121-372DB500941C}
		{49CD520B-4A89-3F31-A509-597F83B5AC10} = {19C26EEF-5C7C-32B2-8121-372DB500941C}
		{77EBB3AF-7BB7-3672-9206-3799EB333EFF} = {19C26EEF-5C7C-32B2-8121-372DB500941C}
		{F3757F6A-F319-34B8-A37A-4D6340106125} = {19C26EEF-5C7C-32B2-8121-372DB500941C}
		{109BC9A0-54FA-3D87-A1D4-718EEB24E4E4} = {19C26EEF-5C7C-32B2-8121-372DB500941C}
		{CE43D1FB-4FA4-3921-A579-C2B251BBC8E1} = {19C26EEF-5C7C-32B2-8121-372DB500941C}
		{9797E832-7672-3BB3-87F7-EA2D4090A0AD} = {19C26EEF-5C7C-32B2-8121-372DB500941C}
		{EC60C56D-26C7-3C87-A992-A529B1229B23} = {19C26EEF-5C7C-32B2-8121-372DB500941C}
		{6C21F56C-1E77-3A5C-A0D9-36AD6A66F6CB} = {19C26EEF-5C7C-32B2-8121-372DB500941C}
		{164C6C24-CA82-3F90-A23B-71F3578DE6D9} = {19C26EEF-5C7C-32B2-8121-372DB500941C}
		{385D720B-0C48-3C11-A320-D658B09AA7C0} = {E537C16A-BBC2-3BE6-8897-D219478EACF2}
		{2F4E4A45-E503-3698-A771-758DDB6F1EBA} = {E537C16A-BBC2-3BE6-8897-D219478EACF2}
		{3BE5ED38-3E4C-3070-A7EA-C26D30278FEC} = {E537C16A-BBC2-3BE6-8897-D219478EACF2}
		{6E8F9722-ACA4-3C37-B21A-523B1C88A3E1} = {E537C16A-BBC2-3BE6-8897-D219478EACF2}
		{6692C709-330F-3DB5-84C3-D14046CA218A} = {E537C16A-BBC2-3BE6-8897-D219478EACF2}
		{F96979D4-5B2D-3C30-8A18-EA3EC3FF2BE2} = {E537C16A-BBC2-3BE6-8897-D219478EACF2}
		{6A90E83B-1F44-357D-AEEF-F90125E6F157} = {E537C16A-BBC2-3BE6-8897-D219478EACF2}
		{011EDA9B-3B73-37FA-9FA1-1CBAA6040FA2} = {E537C16A-BBC2-3BE6-8897-D219478EACF2}
		{E9CB7AE4-E68C-3E4E-B387-54BE4384040B} = {E537C16A-BBC2-3BE6-8897-D219478EACF2}
		{4D312C33-5EA8-3FF4-AAD9-3FDC83BF08E7} = {E537C16A-BBC2-3BE6-8897-D219478EACF2}
		{23F2F856-B6FD-37ED-913F-FB0E9ABB4EA3} = {E537C16A-BBC2-3BE6-8897-D219478EACF2}
		{A8A1D157-7EF1-3E42-A5D7-C1932D174677} = {E537C16A-BBC2-3BE6-8897-D219478EACF2}
		{8C619D9B-5F58-3164-A294-727E48448DF9} = {E537C16A-BBC2-3BE6-8897-D219478EACF2}
		{1628A7B6-FFA9-37A8-82EE-2268A0FDFCA9} = {E537C16A-BBC2-3BE6-8897-D219478EACF2}
		{AA966EC1-CC1F-31FD-9EA6-BE02439F5C6E} = {E537C16A-BBC2-3BE6-8897-D219478EACF2}
		{14C8E702-C422-3D6E-B7D0-7ED2C398A467} = {E537C16A-BBC2-3BE6-8897-D219478EACF2}
		{CA7340AF-11EA-3654-AB3F-5184ED65A662} = {E537C16A-BBC2-3BE6-8897-D219478EACF2}
		{5B1D4B3C-E8D0-3E29-A8AE-761518D49D7B} = {E537C16A-BBC2-3BE6-8897-D219478EACF2}
		{A0647CFB-2FC4-33EC-834E-DF7CC94E511F} = {E537C16A-BBC2-3BE6-8897-D219478EACF2}
		{5477DB4B-D659-3962-8A35-AB1D1FBD0ECC} = {E537C16A-BBC2-3BE6-8897-D219478EACF2}
	EndGlobalSection
	GlobalSection(ExtensibilityGlobals) = postSolution
		SolutionGuid = {104AAC4C-A0C3-35A0-95C4-A5E2914CEC3F}
	EndGlobalSection
	GlobalSection(ExtensibilityAddIns) = postSolution
	EndGlobalSection
EndGlobal
